// !$*UTF8*$!
{
	archiveVersion = 1;
	classes = {
	};
	objectVersion = 46;
	objects = {

/* Begin PBXBuildFile section */
		4D0494911CB4632A00F6DD44 /* GeometricVector.cpp in Sources */ = {isa = PBXBuildFile; fileRef = 4D04948F1CB4632A00F6DD44 /* GeometricVector.cpp */; };
		4D1677B51CD943A200252137 /* Requirements in Resources */ = {isa = PBXBuildFile; fileRef = 4D1677B41CD943A200252137 /* Requirements */; };
		4D2CC6961CCD5C9000348730 /* pinkslime.png in Resources */ = {isa = PBXBuildFile; fileRef = 4D2CC6951CCD5C8F00348730 /* pinkslime.png */; };
		4D2CC6981CCD5DDC00348730 /* Level2.tmx in Resources */ = {isa = PBXBuildFile; fileRef = 4D2CC6971CCD5DDC00348730 /* Level2.tmx */; };
		4D2CC69A1CCD5E7400348730 /* Level2.txt in Resources */ = {isa = PBXBuildFile; fileRef = 4D2CC6991CCD5E7400348730 /* Level2.txt */; };
		4D5719CC1CB1A80D00E14AFF /* Credits.rtf in Resources */ = {isa = PBXBuildFile; fileRef = 4D5719AF1CB1A80D00E14AFF /* Credits.rtf */; };
		4D5719CD1CB1A80D00E14AFF /* InfoPlist.strings in Resources */ = {isa = PBXBuildFile; fileRef = 4D5719B11CB1A80D00E14AFF /* InfoPlist.strings */; };
		4D5719CE1CB1A80D00E14AFF /* Entity.cpp in Sources */ = {isa = PBXBuildFile; fileRef = 4D5719B31CB1A80D00E14AFF /* Entity.cpp */; };
		4D5719CF1CB1A80D00E14AFF /* Final_Project-Info.plist in Resources */ = {isa = PBXBuildFile; fileRef = 4D5719B51CB1A80D00E14AFF /* Final_Project-Info.plist */; };
		4D5719D01CB1A80D00E14AFF /* fragment.glsl in Resources */ = {isa = PBXBuildFile; fileRef = 4D5719B61CB1A80D00E14AFF /* fragment.glsl */; };
		4D5719D11CB1A80D00E14AFF /* fragment_textured.glsl in Resources */ = {isa = PBXBuildFile; fileRef = 4D5719B71CB1A80D00E14AFF /* fragment_textured.glsl */; };
		4D5719D21CB1A80D00E14AFF /* Images.xcassets in Resources */ = {isa = PBXBuildFile; fileRef = 4D5719B81CB1A80D00E14AFF /* Images.xcassets */; };
		4D5719D31CB1A80D00E14AFF /* Level0.tmx in Resources */ = {isa = PBXBuildFile; fileRef = 4D5719B91CB1A80D00E14AFF /* Level0.tmx */; };
		4D5719D41CB1A80D00E14AFF /* Level0.txt in Resources */ = {isa = PBXBuildFile; fileRef = 4D5719BA1CB1A80D00E14AFF /* Level0.txt */; };
		4D5719D51CB1A80D00E14AFF /* Level1.tmx in Resources */ = {isa = PBXBuildFile; fileRef = 4D5719BB1CB1A80D00E14AFF /* Level1.tmx */; };
		4D5719D61CB1A80D00E14AFF /* Level1.txt in Resources */ = {isa = PBXBuildFile; fileRef = 4D5719BC1CB1A80D00E14AFF /* Level1.txt */; };
		4D5719D71CB1A80D00E14AFF /* LevelLoader.cpp in Sources */ = {isa = PBXBuildFile; fileRef = 4D5719BD1CB1A80D00E14AFF /* LevelLoader.cpp */; };
		4D5719D81CB1A80D00E14AFF /* main.cpp in Sources */ = {isa = PBXBuildFile; fileRef = 4D5719BF1CB1A80D00E14AFF /* main.cpp */; };
		4D5719D91CB1A80D00E14AFF /* Matrix.cpp in Sources */ = {isa = PBXBuildFile; fileRef = 4D5719C01CB1A80D00E14AFF /* Matrix.cpp */; };
		4D5719DA1CB1A80D00E14AFF /* playersprite.png in Resources */ = {isa = PBXBuildFile; fileRef = 4D5719C21CB1A80D00E14AFF /* playersprite.png */; };
		4D5719DB1CB1A80D00E14AFF /* ShaderProgram.cpp in Sources */ = {isa = PBXBuildFile; fileRef = 4D5719C31CB1A80D00E14AFF /* ShaderProgram.cpp */; };
		4D5719DC1CB1A80D00E14AFF /* Tile.cpp in Sources */ = {isa = PBXBuildFile; fileRef = 4D5719C51CB1A80D00E14AFF /* Tile.cpp */; };
		4D5719DD1CB1A80D00E14AFF /* TileMapCollisionChecker.cpp in Sources */ = {isa = PBXBuildFile; fileRef = 4D5719C71CB1A80D00E14AFF /* TileMapCollisionChecker.cpp */; };
		4D5719DE1CB1A80D00E14AFF /* tiles.png in Resources */ = {isa = PBXBuildFile; fileRef = 4D5719C91CB1A80D00E14AFF /* tiles.png */; };
		4D5719DF1CB1A80D00E14AFF /* vertex.glsl in Resources */ = {isa = PBXBuildFile; fileRef = 4D5719CA1CB1A80D00E14AFF /* vertex.glsl */; };
		4D5719E01CB1A80D00E14AFF /* vertex_textured.glsl in Resources */ = {isa = PBXBuildFile; fileRef = 4D5719CB1CB1A80D00E14AFF /* vertex_textured.glsl */; };
		4D8CBC0A1CD00A5A00DA5778 /* EnemyAI.cpp in Sources */ = {isa = PBXBuildFile; fileRef = 4D8CBC081CD00A5A00DA5778 /* EnemyAI.cpp */; };
		4D8CBC0D1CD00C6B00DA5778 /* BaseEnemy.cpp in Sources */ = {isa = PBXBuildFile; fileRef = 4D8CBC0B1CD00C6B00DA5778 /* BaseEnemy.cpp */; };
		4DCDDE7A1CD11ADC006676DC /* CoreFunctions.cpp in Sources */ = {isa = PBXBuildFile; fileRef = 4DCDDE781CD11ADC006676DC /* CoreFunctions.cpp */; };
		4DEDFC891CDEC4A50002C63E /* purpleBackground.png in Resources */ = {isa = PBXBuildFile; fileRef = 4DEDFC861CDEC4A50002C63E /* purpleBackground.png */; };
		4DEDFC8A1CDEC4A50002C63E /* sheet.png in Resources */ = {isa = PBXBuildFile; fileRef = 4DEDFC871CDEC4A50002C63E /* sheet.png */; };
		4DEDFC8B1CDEC4A50002C63E /* font1.png in Resources */ = {isa = PBXBuildFile; fileRef = 4DEDFC881CDEC4A50002C63E /* font1.png */; };
		4DF6C39F1CDBF09E0008CE39 /* EntityCollisionChecker.cpp in Sources */ = {isa = PBXBuildFile; fileRef = 4DF6C39D1CDBF09E0008CE39 /* EntityCollisionChecker.cpp */; };
		4DF6C3A11CDBF21B0008CE39 /* snail.png in Resources */ = {isa = PBXBuildFile; fileRef = 4DF6C3A01CDBF21B0008CE39 /* snail.png */; };
		4DFFD8A81CE16B8500F3B54A /* Red_Background.png in Resources */ = {isa = PBXBuildFile; fileRef = 4DFFD8A71CE16B8500F3B54A /* Red_Background.png */; };
		4DFFD8AB1CE1988900F3B54A /* Level3.tmx in Resources */ = {isa = PBXBuildFile; fileRef = 4DFFD8A91CE1988900F3B54A /* Level3.tmx */; };
		4DFFD8AC1CE1988900F3B54A /* Level3.txt in Resources */ = {isa = PBXBuildFile; fileRef = 4DFFD8AA1CE1988900F3B54A /* Level3.txt */; };
		6D5A86AE19AE5C710066C1FD /* Cocoa.framework in Frameworks */ = {isa = PBXBuildFile; fileRef = 6D5A86AD19AE5C710066C1FD /* Cocoa.framework */; };
		6D5A86E319AE5CD10066C1FD /* SDL2.framework in Frameworks */ = {isa = PBXBuildFile; fileRef = 6D5A86E219AE5CD10066C1FD /* SDL2.framework */; };
		6D5AC2D019AE6280004CB1BF /* OpenGL.framework in Frameworks */ = {isa = PBXBuildFile; fileRef = 6D5AC2CF19AE6280004CB1BF /* OpenGL.framework */; };
		6D5AC2D219AE6A1E004CB1BF /* SDL2_image.framework in Frameworks */ = {isa = PBXBuildFile; fileRef = 6D5AC2D119AE6A1E004CB1BF /* SDL2_image.framework */; };
/* End PBXBuildFile section */

/* Begin PBXFileReference section */
		4D04948F1CB4632A00F6DD44 /* GeometricVector.cpp */ = {isa = PBXFileReference; fileEncoding = 4; lastKnownFileType = sourcecode.cpp.cpp; path = GeometricVector.cpp; sourceTree = "<group>"; };
		4D0494901CB4632A00F6DD44 /* GeometricVector.h */ = {isa = PBXFileReference; fileEncoding = 4; lastKnownFileType = sourcecode.c.h; path = GeometricVector.h; sourceTree = "<group>"; };
		4D1677B41CD943A200252137 /* Requirements */ = {isa = PBXFileReference; fileEncoding = 4; lastKnownFileType = text; path = Requirements; sourceTree = "<group>"; };
		4D2CC6951CCD5C8F00348730 /* pinkslime.png */ = {isa = PBXFileReference; lastKnownFileType = image.png; path = pinkslime.png; sourceTree = "<group>"; };
		4D2CC6971CCD5DDC00348730 /* Level2.tmx */ = {isa = PBXFileReference; fileEncoding = 4; lastKnownFileType = text.xml; path = Level2.tmx; sourceTree = "<group>"; };
		4D2CC6991CCD5E7400348730 /* Level2.txt */ = {isa = PBXFileReference; fileEncoding = 4; lastKnownFileType = text; path = Level2.txt; sourceTree = "<group>"; };
		4D5719B01CB1A80D00E14AFF /* en */ = {isa = PBXFileReference; lastKnownFileType = text.rtf; name = en; path = en.lproj/Credits.rtf; sourceTree = "<group>"; };
		4D5719B21CB1A80D00E14AFF /* en */ = {isa = PBXFileReference; lastKnownFileType = text.plist.strings; name = en; path = en.lproj/InfoPlist.strings; sourceTree = "<group>"; };
		4D5719B31CB1A80D00E14AFF /* Entity.cpp */ = {isa = PBXFileReference; fileEncoding = 4; lastKnownFileType = sourcecode.cpp.cpp; path = Entity.cpp; sourceTree = "<group>"; };
		4D5719B41CB1A80D00E14AFF /* Entity.h */ = {isa = PBXFileReference; fileEncoding = 4; lastKnownFileType = sourcecode.c.h; path = Entity.h; sourceTree = "<group>"; };
		4D5719B51CB1A80D00E14AFF /* Final_Project-Info.plist */ = {isa = PBXFileReference; fileEncoding = 4; lastKnownFileType = text.plist.xml; path = "Final_Project-Info.plist"; sourceTree = "<group>"; };
		4D5719B61CB1A80D00E14AFF /* fragment.glsl */ = {isa = PBXFileReference; fileEncoding = 4; lastKnownFileType = text; path = fragment.glsl; sourceTree = "<group>"; };
		4D5719B71CB1A80D00E14AFF /* fragment_textured.glsl */ = {isa = PBXFileReference; fileEncoding = 4; lastKnownFileType = text; path = fragment_textured.glsl; sourceTree = "<group>"; };
		4D5719B81CB1A80D00E14AFF /* Images.xcassets */ = {isa = PBXFileReference; lastKnownFileType = folder.assetcatalog; path = Images.xcassets; sourceTree = "<group>"; };
		4D5719B91CB1A80D00E14AFF /* Level0.tmx */ = {isa = PBXFileReference; fileEncoding = 4; lastKnownFileType = text.xml; path = Level0.tmx; sourceTree = "<group>"; };
		4D5719BA1CB1A80D00E14AFF /* Level0.txt */ = {isa = PBXFileReference; fileEncoding = 4; lastKnownFileType = text; path = Level0.txt; sourceTree = "<group>"; };
		4D5719BB1CB1A80D00E14AFF /* Level1.tmx */ = {isa = PBXFileReference; fileEncoding = 4; lastKnownFileType = text.xml; path = Level1.tmx; sourceTree = "<group>"; };
		4D5719BC1CB1A80D00E14AFF /* Level1.txt */ = {isa = PBXFileReference; fileEncoding = 4; lastKnownFileType = text; path = Level1.txt; sourceTree = "<group>"; };
		4D5719BD1CB1A80D00E14AFF /* LevelLoader.cpp */ = {isa = PBXFileReference; fileEncoding = 4; lastKnownFileType = sourcecode.cpp.cpp; path = LevelLoader.cpp; sourceTree = "<group>"; };
		4D5719BE1CB1A80D00E14AFF /* LevelLoader.h */ = {isa = PBXFileReference; fileEncoding = 4; lastKnownFileType = sourcecode.c.h; path = LevelLoader.h; sourceTree = "<group>"; };
		4D5719BF1CB1A80D00E14AFF /* main.cpp */ = {isa = PBXFileReference; fileEncoding = 4; lastKnownFileType = sourcecode.cpp.cpp; path = main.cpp; sourceTree = "<group>"; };
		4D5719C01CB1A80D00E14AFF /* Matrix.cpp */ = {isa = PBXFileReference; fileEncoding = 4; lastKnownFileType = sourcecode.cpp.cpp; path = Matrix.cpp; sourceTree = "<group>"; };
		4D5719C11CB1A80D00E14AFF /* Matrix.h */ = {isa = PBXFileReference; fileEncoding = 4; lastKnownFileType = sourcecode.c.h; path = Matrix.h; sourceTree = "<group>"; };
		4D5719C21CB1A80D00E14AFF /* playersprite.png */ = {isa = PBXFileReference; lastKnownFileType = image.png; path = playersprite.png; sourceTree = "<group>"; };
		4D5719C31CB1A80D00E14AFF /* ShaderProgram.cpp */ = {isa = PBXFileReference; fileEncoding = 4; lastKnownFileType = sourcecode.cpp.cpp; path = ShaderProgram.cpp; sourceTree = "<group>"; };
		4D5719C41CB1A80D00E14AFF /* ShaderProgram.h */ = {isa = PBXFileReference; fileEncoding = 4; lastKnownFileType = sourcecode.c.h; path = ShaderProgram.h; sourceTree = "<group>"; };
		4D5719C51CB1A80D00E14AFF /* Tile.cpp */ = {isa = PBXFileReference; fileEncoding = 4; lastKnownFileType = sourcecode.cpp.cpp; path = Tile.cpp; sourceTree = "<group>"; };
		4D5719C61CB1A80D00E14AFF /* Tile.h */ = {isa = PBXFileReference; fileEncoding = 4; lastKnownFileType = sourcecode.c.h; path = Tile.h; sourceTree = "<group>"; };
		4D5719C71CB1A80D00E14AFF /* TileMapCollisionChecker.cpp */ = {isa = PBXFileReference; fileEncoding = 4; lastKnownFileType = sourcecode.cpp.cpp; path = TileMapCollisionChecker.cpp; sourceTree = "<group>"; };
		4D5719C81CB1A80D00E14AFF /* TileMapCollisionChecker.h */ = {isa = PBXFileReference; fileEncoding = 4; lastKnownFileType = sourcecode.c.h; path = TileMapCollisionChecker.h; sourceTree = "<group>"; };
		4D5719C91CB1A80D00E14AFF /* tiles.png */ = {isa = PBXFileReference; lastKnownFileType = image.png; path = tiles.png; sourceTree = "<group>"; };
		4D5719CA1CB1A80D00E14AFF /* vertex.glsl */ = {isa = PBXFileReference; fileEncoding = 4; lastKnownFileType = text; path = vertex.glsl; sourceTree = "<group>"; };
		4D5719CB1CB1A80D00E14AFF /* vertex_textured.glsl */ = {isa = PBXFileReference; fileEncoding = 4; lastKnownFileType = text; path = vertex_textured.glsl; sourceTree = "<group>"; };
		4D8CBC081CD00A5A00DA5778 /* EnemyAI.cpp */ = {isa = PBXFileReference; fileEncoding = 4; lastKnownFileType = sourcecode.cpp.cpp; path = EnemyAI.cpp; sourceTree = "<group>"; };
		4D8CBC091CD00A5A00DA5778 /* EnemyAI.h */ = {isa = PBXFileReference; fileEncoding = 4; lastKnownFileType = sourcecode.c.h; path = EnemyAI.h; sourceTree = "<group>"; };
		4D8CBC0B1CD00C6B00DA5778 /* BaseEnemy.cpp */ = {isa = PBXFileReference; fileEncoding = 4; lastKnownFileType = sourcecode.cpp.cpp; path = BaseEnemy.cpp; sourceTree = "<group>"; };
		4D8CBC0C1CD00C6B00DA5778 /* BaseEnemy.h */ = {isa = PBXFileReference; fileEncoding = 4; lastKnownFileType = sourcecode.c.h; path = BaseEnemy.h; sourceTree = "<group>"; };
		4DCDDE781CD11ADC006676DC /* CoreFunctions.cpp */ = {isa = PBXFileReference; fileEncoding = 4; lastKnownFileType = sourcecode.cpp.cpp; path = CoreFunctions.cpp; sourceTree = "<group>"; };
		4DCDDE791CD11ADC006676DC /* CoreFunctions.h */ = {isa = PBXFileReference; fileEncoding = 4; lastKnownFileType = sourcecode.c.h; path = CoreFunctions.h; sourceTree = "<group>"; };
		4DEDFC861CDEC4A50002C63E /* purpleBackground.png */ = {isa = PBXFileReference; lastKnownFileType = image.png; path = purpleBackground.png; sourceTree = "<group>"; };
		4DEDFC871CDEC4A50002C63E /* sheet.png */ = {isa = PBXFileReference; lastKnownFileType = image.png; path = sheet.png; sourceTree = "<group>"; };
		4DEDFC881CDEC4A50002C63E /* font1.png */ = {isa = PBXFileReference; lastKnownFileType = image.png; path = font1.png; sourceTree = "<group>"; };
		4DF6C39D1CDBF09E0008CE39 /* EntityCollisionChecker.cpp */ = {isa = PBXFileReference; fileEncoding = 4; lastKnownFileType = sourcecode.cpp.cpp; path = EntityCollisionChecker.cpp; sourceTree = "<group>"; };
		4DF6C39E1CDBF09E0008CE39 /* EntityCollisionChecker.h */ = {isa = PBXFileReference; fileEncoding = 4; lastKnownFileType = sourcecode.c.h; path = EntityCollisionChecker.h; sourceTree = "<group>"; };
		4DF6C3A01CDBF21B0008CE39 /* snail.png */ = {isa = PBXFileReference; lastKnownFileType = image.png; path = snail.png; sourceTree = "<group>"; };
		4DFFD8A71CE16B8500F3B54A /* Red_Background.png */ = {isa = PBXFileReference; lastKnownFileType = image.png; path = Red_Background.png; sourceTree = "<group>"; };
		4DFFD8A91CE1988900F3B54A /* Level3.tmx */ = {isa = PBXFileReference; fileEncoding = 4; lastKnownFileType = text.xml; path = Level3.tmx; sourceTree = "<group>"; };
		4DFFD8AA1CE1988900F3B54A /* Level3.txt */ = {isa = PBXFileReference; fileEncoding = 4; lastKnownFileType = text; path = Level3.txt; sourceTree = "<group>"; };
		6D5A86AA19AE5C710066C1FD /* Final_Project.app */ = {isa = PBXFileReference; explicitFileType = wrapper.application; includeInIndex = 0; path = Final_Project.app; sourceTree = BUILT_PRODUCTS_DIR; };
		6D5A86AD19AE5C710066C1FD /* Cocoa.framework */ = {isa = PBXFileReference; lastKnownFileType = wrapper.framework; name = Cocoa.framework; path = System/Library/Frameworks/Cocoa.framework; sourceTree = SDKROOT; };
		6D5A86B019AE5C710066C1FD /* AppKit.framework */ = {isa = PBXFileReference; lastKnownFileType = wrapper.framework; name = AppKit.framework; path = System/Library/Frameworks/AppKit.framework; sourceTree = SDKROOT; };
		6D5A86B119AE5C710066C1FD /* CoreData.framework */ = {isa = PBXFileReference; lastKnownFileType = wrapper.framework; name = CoreData.framework; path = System/Library/Frameworks/CoreData.framework; sourceTree = SDKROOT; };
		6D5A86B219AE5C710066C1FD /* Foundation.framework */ = {isa = PBXFileReference; lastKnownFileType = wrapper.framework; name = Foundation.framework; path = System/Library/Frameworks/Foundation.framework; sourceTree = SDKROOT; };
		6D5A86D319AE5C710066C1FD /* NYUCodebaseTests-Info.plist */ = {isa = PBXFileReference; lastKnownFileType = text.plist.xml; path = "NYUCodebaseTests-Info.plist"; sourceTree = "<group>"; };
		6D5A86D519AE5C710066C1FD /* en */ = {isa = PBXFileReference; lastKnownFileType = text.plist.strings; name = en; path = en.lproj/InfoPlist.strings; sourceTree = "<group>"; };
		6D5A86E219AE5CD10066C1FD /* SDL2.framework */ = {isa = PBXFileReference; lastKnownFileType = wrapper.framework; name = SDL2.framework; path = ../../../../../../../../Library/Frameworks/SDL2.framework; sourceTree = "<group>"; };
		6D5AC2CF19AE6280004CB1BF /* OpenGL.framework */ = {isa = PBXFileReference; lastKnownFileType = wrapper.framework; name = OpenGL.framework; path = System/Library/Frameworks/OpenGL.framework; sourceTree = SDKROOT; };
		6D5AC2D119AE6A1E004CB1BF /* SDL2_image.framework */ = {isa = PBXFileReference; lastKnownFileType = wrapper.framework; name = SDL2_image.framework; path = ../../../../../../../../Library/Frameworks/SDL2_image.framework; sourceTree = "<group>"; };
/* End PBXFileReference section */

/* Begin PBXFrameworksBuildPhase section */
		6D5A86A719AE5C710066C1FD /* Frameworks */ = {
			isa = PBXFrameworksBuildPhase;
			buildActionMask = 2147483647;
			files = (
				6D5AC2D019AE6280004CB1BF /* OpenGL.framework in Frameworks */,
				6D5A86AE19AE5C710066C1FD /* Cocoa.framework in Frameworks */,
				6D5A86E319AE5CD10066C1FD /* SDL2.framework in Frameworks */,
				6D5AC2D219AE6A1E004CB1BF /* SDL2_image.framework in Frameworks */,
			);
			runOnlyForDeploymentPostprocessing = 0;
		};
/* End PBXFrameworksBuildPhase section */

/* Begin PBXGroup section */
		4D5719AE1CB1A80D00E14AFF /* Final_Project */ = {
			isa = PBXGroup;
			children = (
				4DEDFC861CDEC4A50002C63E /* purpleBackground.png */,
				4DEDFC871CDEC4A50002C63E /* sheet.png */,
				4DEDFC881CDEC4A50002C63E /* font1.png */,
				4DFFD8A71CE16B8500F3B54A /* Red_Background.png */,
				4D5719AF1CB1A80D00E14AFF /* Credits.rtf */,
				4D5719B11CB1A80D00E14AFF /* InfoPlist.strings */,
				4D5719B51CB1A80D00E14AFF /* Final_Project-Info.plist */,
				4D5719B61CB1A80D00E14AFF /* fragment.glsl */,
				4D5719B71CB1A80D00E14AFF /* fragment_textured.glsl */,
				4D5719CA1CB1A80D00E14AFF /* vertex.glsl */,
				4D5719CB1CB1A80D00E14AFF /* vertex_textured.glsl */,
				4D1677B41CD943A200252137 /* Requirements */,
				4D5719B81CB1A80D00E14AFF /* Images.xcassets */,
				4D5719C21CB1A80D00E14AFF /* playersprite.png */,
				4DF6C3A01CDBF21B0008CE39 /* snail.png */,
				4D2CC6951CCD5C8F00348730 /* pinkslime.png */,
				4D5719C91CB1A80D00E14AFF /* tiles.png */,
				4D5719B91CB1A80D00E14AFF /* Level0.tmx */,
				4D5719BA1CB1A80D00E14AFF /* Level0.txt */,
				4D5719BB1CB1A80D00E14AFF /* Level1.tmx */,
				4D5719BC1CB1A80D00E14AFF /* Level1.txt */,
				4D2CC6971CCD5DDC00348730 /* Level2.tmx */,
				4D2CC6991CCD5E7400348730 /* Level2.txt */,
				4DFFD8A91CE1988900F3B54A /* Level3.tmx */,
				4DFFD8AA1CE1988900F3B54A /* Level3.txt */,
				4D5719BF1CB1A80D00E14AFF /* main.cpp */,
				4DCDDE791CD11ADC006676DC /* CoreFunctions.h */,
				4DCDDE781CD11ADC006676DC /* CoreFunctions.cpp */,
				4D5719B41CB1A80D00E14AFF /* Entity.h */,
				4D5719B31CB1A80D00E14AFF /* Entity.cpp */,
				4D8CBC0C1CD00C6B00DA5778 /* BaseEnemy.h */,
				4D8CBC0B1CD00C6B00DA5778 /* BaseEnemy.cpp */,
				4D8CBC091CD00A5A00DA5778 /* EnemyAI.h */,
				4D8CBC081CD00A5A00DA5778 /* EnemyAI.cpp */,
				4D5719BE1CB1A80D00E14AFF /* LevelLoader.h */,
				4D5719BD1CB1A80D00E14AFF /* LevelLoader.cpp */,
				4D0494901CB4632A00F6DD44 /* GeometricVector.h */,
				4D04948F1CB4632A00F6DD44 /* GeometricVector.cpp */,
				4D5719C11CB1A80D00E14AFF /* Matrix.h */,
				4D5719C01CB1A80D00E14AFF /* Matrix.cpp */,
				4D5719C41CB1A80D00E14AFF /* ShaderProgram.h */,
				4D5719C31CB1A80D00E14AFF /* ShaderProgram.cpp */,
				4D5719C61CB1A80D00E14AFF /* Tile.h */,
				4D5719C51CB1A80D00E14AFF /* Tile.cpp */,
				4D5719C81CB1A80D00E14AFF /* TileMapCollisionChecker.h */,
				4D5719C71CB1A80D00E14AFF /* TileMapCollisionChecker.cpp */,
				4DF6C39E1CDBF09E0008CE39 /* EntityCollisionChecker.h */,
				4DF6C39D1CDBF09E0008CE39 /* EntityCollisionChecker.cpp */,
			);
			path = Final_Project;
			sourceTree = "<group>";
		};
		6D5A86A119AE5C710066C1FD = {
			isa = PBXGroup;
			children = (
				4D5719AE1CB1A80D00E14AFF /* Final_Project */,
				6D5A86D119AE5C710066C1FD /* NYUCodebaseTests */,
				6D5A86AC19AE5C710066C1FD /* Frameworks */,
				6D5A86AB19AE5C710066C1FD /* Products */,
			);
			sourceTree = "<group>";
		};
		6D5A86AB19AE5C710066C1FD /* Products */ = {
			isa = PBXGroup;
			children = (
				6D5A86AA19AE5C710066C1FD /* Final_Project.app */,
			);
			name = Products;
			sourceTree = "<group>";
		};
		6D5A86AC19AE5C710066C1FD /* Frameworks */ = {
			isa = PBXGroup;
			children = (
				6D5AC2D119AE6A1E004CB1BF /* SDL2_image.framework */,
				6D5AC2CF19AE6280004CB1BF /* OpenGL.framework */,
				6D5A86E219AE5CD10066C1FD /* SDL2.framework */,
				6D5A86AD19AE5C710066C1FD /* Cocoa.framework */,
				6D5A86AF19AE5C710066C1FD /* Other Frameworks */,
			);
			name = Frameworks;
			sourceTree = "<group>";
		};
		6D5A86AF19AE5C710066C1FD /* Other Frameworks */ = {
			isa = PBXGroup;
			children = (
				6D5A86B019AE5C710066C1FD /* AppKit.framework */,
				6D5A86B119AE5C710066C1FD /* CoreData.framework */,
				6D5A86B219AE5C710066C1FD /* Foundation.framework */,
			);
			name = "Other Frameworks";
			sourceTree = "<group>";
		};
		6D5A86D119AE5C710066C1FD /* NYUCodebaseTests */ = {
			isa = PBXGroup;
			children = (
				6D5A86D219AE5C710066C1FD /* Supporting Files */,
			);
			path = NYUCodebaseTests;
			sourceTree = "<group>";
		};
		6D5A86D219AE5C710066C1FD /* Supporting Files */ = {
			isa = PBXGroup;
			children = (
				6D5A86D319AE5C710066C1FD /* NYUCodebaseTests-Info.plist */,
				6D5A86D419AE5C710066C1FD /* InfoPlist.strings */,
			);
			name = "Supporting Files";
			sourceTree = "<group>";
		};
/* End PBXGroup section */

/* Begin PBXNativeTarget section */
		6D5A86A919AE5C710066C1FD /* Final_Project */ = {
			isa = PBXNativeTarget;
			buildConfigurationList = 6D5A86DB19AE5C710066C1FD /* Build configuration list for PBXNativeTarget "Final_Project" */;
			buildPhases = (
				6D5A86A619AE5C710066C1FD /* Sources */,
				6D5A86A719AE5C710066C1FD /* Frameworks */,
				6D5A86A819AE5C710066C1FD /* Resources */,
			);
			buildRules = (
			);
			dependencies = (
			);
			name = Final_Project;
			productName = NYUCodebase;
			productReference = 6D5A86AA19AE5C710066C1FD /* Final_Project.app */;
			productType = "com.apple.product-type.application";
		};
/* End PBXNativeTarget section */

/* Begin PBXProject section */
		6D5A86A219AE5C710066C1FD /* Project object */ = {
			isa = PBXProject;
			attributes = {
				CLASSPREFIX = NYUCB;
				LastUpgradeCheck = 0510;
				ORGANIZATIONNAME = "Ivan Safrin";
			};
			buildConfigurationList = 6D5A86A519AE5C710066C1FD /* Build configuration list for PBXProject "Final_Project" */;
			compatibilityVersion = "Xcode 3.2";
			developmentRegion = English;
			hasScannedForEncodings = 0;
			knownRegions = (
				en,
				Base,
			);
			mainGroup = 6D5A86A119AE5C710066C1FD;
			productRefGroup = 6D5A86AB19AE5C710066C1FD /* Products */;
			projectDirPath = "";
			projectRoot = "";
			targets = (
				6D5A86A919AE5C710066C1FD /* Final_Project */,
			);
		};
/* End PBXProject section */

/* Begin PBXResourcesBuildPhase section */
		6D5A86A819AE5C710066C1FD /* Resources */ = {
			isa = PBXResourcesBuildPhase;
			buildActionMask = 2147483647;
			files = (
				4DEDFC8B1CDEC4A50002C63E /* font1.png in Resources */,
				4D5719DF1CB1A80D00E14AFF /* vertex.glsl in Resources */,
				4D5719D41CB1A80D00E14AFF /* Level0.txt in Resources */,
				4DFFD8A81CE16B8500F3B54A /* Red_Background.png in Resources */,
				4D5719CC1CB1A80D00E14AFF /* Credits.rtf in Resources */,
				4D5719DA1CB1A80D00E14AFF /* playersprite.png in Resources */,
				4D5719D31CB1A80D00E14AFF /* Level0.tmx in Resources */,
				4D5719D11CB1A80D00E14AFF /* fragment_textured.glsl in Resources */,
				4DF6C3A11CDBF21B0008CE39 /* snail.png in Resources */,
				4DEDFC8A1CDEC4A50002C63E /* sheet.png in Resources */,
				4D2CC69A1CCD5E7400348730 /* Level2.txt in Resources */,
				4D5719E01CB1A80D00E14AFF /* vertex_textured.glsl in Resources */,
				4D5719DE1CB1A80D00E14AFF /* tiles.png in Resources */,
				4D5719D01CB1A80D00E14AFF /* fragment.glsl in Resources */,
				4DEDFC891CDEC4A50002C63E /* purpleBackground.png in Resources */,
				4D2CC6961CCD5C9000348730 /* pinkslime.png in Resources */,
				4D5719D21CB1A80D00E14AFF /* Images.xcassets in Resources */,
				4D1677B51CD943A200252137 /* Requirements in Resources */,
				4D2CC6981CCD5DDC00348730 /* Level2.tmx in Resources */,
				4DFFD8AC1CE1988900F3B54A /* Level3.txt in Resources */,
				4D5719CD1CB1A80D00E14AFF /* InfoPlist.strings in Resources */,
				4DFFD8AB1CE1988900F3B54A /* Level3.tmx in Resources */,
				4D5719D51CB1A80D00E14AFF /* Level1.tmx in Resources */,
				4D5719CF1CB1A80D00E14AFF /* Final_Project-Info.plist in Resources */,
				4D5719D61CB1A80D00E14AFF /* Level1.txt in Resources */,
			);
			runOnlyForDeploymentPostprocessing = 0;
		};
/* End PBXResourcesBuildPhase section */

/* Begin PBXSourcesBuildPhase section */
		6D5A86A619AE5C710066C1FD /* Sources */ = {
			isa = PBXSourcesBuildPhase;
			buildActionMask = 2147483647;
			files = (
				4D5719D91CB1A80D00E14AFF /* Matrix.cpp in Sources */,
				4D5719DB1CB1A80D00E14AFF /* ShaderProgram.cpp in Sources */,
				4D5719CE1CB1A80D00E14AFF /* Entity.cpp in Sources */,
				4D5719DC1CB1A80D00E14AFF /* Tile.cpp in Sources */,
				4D8CBC0A1CD00A5A00DA5778 /* EnemyAI.cpp in Sources */,
				4DCDDE7A1CD11ADC006676DC /* CoreFunctions.cpp in Sources */,
				4D5719DD1CB1A80D00E14AFF /* TileMapCollisionChecker.cpp in Sources */,
				4D5719D71CB1A80D00E14AFF /* LevelLoader.cpp in Sources */,
				4D8CBC0D1CD00C6B00DA5778 /* BaseEnemy.cpp in Sources */,
				4DF6C39F1CDBF09E0008CE39 /* EntityCollisionChecker.cpp in Sources */,
				4D0494911CB4632A00F6DD44 /* GeometricVector.cpp in Sources */,
				4D5719D81CB1A80D00E14AFF /* main.cpp in Sources */,
			);
			runOnlyForDeploymentPostprocessing = 0;
		};
/* End PBXSourcesBuildPhase section */

/* Begin PBXVariantGroup section */
		4D5719AF1CB1A80D00E14AFF /* Credits.rtf */ = {
			isa = PBXVariantGroup;
			children = (
				4D5719B01CB1A80D00E14AFF /* en */,
			);
			name = Credits.rtf;
			sourceTree = "<group>";
		};
		4D5719B11CB1A80D00E14AFF /* InfoPlist.strings */ = {
			isa = PBXVariantGroup;
			children = (
				4D5719B21CB1A80D00E14AFF /* en */,
			);
			name = InfoPlist.strings;
			sourceTree = "<group>";
		};
		6D5A86D419AE5C710066C1FD /* InfoPlist.strings */ = {
			isa = PBXVariantGroup;
			children = (
				6D5A86D519AE5C710066C1FD /* en */,
			);
			name = InfoPlist.strings;
			sourceTree = "<group>";
		};
/* End PBXVariantGroup section */

/* Begin XCBuildConfiguration section */
		6D5A86D919AE5C710066C1FD /* Debug */ = {
			isa = XCBuildConfiguration;
			buildSettings = {
				ALWAYS_SEARCH_USER_PATHS = NO;
				CLANG_CXX_LANGUAGE_STANDARD = "gnu++0x";
				CLANG_CXX_LIBRARY = "libc++";
				CLANG_ENABLE_MODULES = YES;
				CLANG_ENABLE_OBJC_ARC = YES;
				CLANG_WARN_BOOL_CONVERSION = YES;
				CLANG_WARN_CONSTANT_CONVERSION = YES;
				CLANG_WARN_DIRECT_OBJC_ISA_USAGE = YES_ERROR;
				CLANG_WARN_EMPTY_BODY = YES;
				CLANG_WARN_ENUM_CONVERSION = YES;
				CLANG_WARN_INT_CONVERSION = YES;
				CLANG_WARN_OBJC_ROOT_CLASS = YES_ERROR;
				CLANG_WARN__DUPLICATE_METHOD_MATCH = YES;
				COPY_PHASE_STRIP = NO;
				GCC_C_LANGUAGE_STANDARD = gnu99;
				GCC_DYNAMIC_NO_PIC = NO;
				GCC_ENABLE_OBJC_EXCEPTIONS = YES;
				GCC_OPTIMIZATION_LEVEL = 0;
				GCC_PREPROCESSOR_DEFINITIONS = (
					"DEBUG=1",
					"$(inherited)",
				);
				GCC_SYMBOLS_PRIVATE_EXTERN = NO;
				GCC_WARN_64_TO_32_BIT_CONVERSION = YES;
				GCC_WARN_ABOUT_RETURN_TYPE = YES_ERROR;
				GCC_WARN_UNDECLARED_SELECTOR = YES;
				GCC_WARN_UNINITIALIZED_AUTOS = YES_AGGRESSIVE;
				GCC_WARN_UNUSED_FUNCTION = YES;
				GCC_WARN_UNUSED_VARIABLE = YES;
				MACOSX_DEPLOYMENT_TARGET = 10.9;
				ONLY_ACTIVE_ARCH = YES;
				SDKROOT = macosx;
			};
			name = Debug;
		};
		6D5A86DA19AE5C710066C1FD /* Release */ = {
			isa = XCBuildConfiguration;
			buildSettings = {
				ALWAYS_SEARCH_USER_PATHS = NO;
				CLANG_CXX_LANGUAGE_STANDARD = "gnu++0x";
				CLANG_CXX_LIBRARY = "libc++";
				CLANG_ENABLE_MODULES = YES;
				CLANG_ENABLE_OBJC_ARC = YES;
				CLANG_WARN_BOOL_CONVERSION = YES;
				CLANG_WARN_CONSTANT_CONVERSION = YES;
				CLANG_WARN_DIRECT_OBJC_ISA_USAGE = YES_ERROR;
				CLANG_WARN_EMPTY_BODY = YES;
				CLANG_WARN_ENUM_CONVERSION = YES;
				CLANG_WARN_INT_CONVERSION = YES;
				CLANG_WARN_OBJC_ROOT_CLASS = YES_ERROR;
				CLANG_WARN__DUPLICATE_METHOD_MATCH = YES;
				COPY_PHASE_STRIP = YES;
				DEBUG_INFORMATION_FORMAT = "dwarf-with-dsym";
				ENABLE_NS_ASSERTIONS = NO;
				GCC_C_LANGUAGE_STANDARD = gnu99;
				GCC_ENABLE_OBJC_EXCEPTIONS = YES;
				GCC_WARN_64_TO_32_BIT_CONVERSION = YES;
				GCC_WARN_ABOUT_RETURN_TYPE = YES_ERROR;
				GCC_WARN_UNDECLARED_SELECTOR = YES;
				GCC_WARN_UNINITIALIZED_AUTOS = YES_AGGRESSIVE;
				GCC_WARN_UNUSED_FUNCTION = YES;
				GCC_WARN_UNUSED_VARIABLE = YES;
				MACOSX_DEPLOYMENT_TARGET = 10.9;
				SDKROOT = macosx;
			};
			name = Release;
		};
		6D5A86DC19AE5C710066C1FD /* Debug */ = {
			isa = XCBuildConfiguration;
			buildSettings = {
				ASSETCATALOG_COMPILER_APPICON_NAME = AppIcon;
				COMBINE_HIDPI_IMAGES = YES;
				FRAMEWORK_SEARCH_PATHS = (
					"$(inherited)",
					"$(LOCAL_LIBRARY_DIR)/Frameworks",
				);
				GCC_PRECOMPILE_PREFIX_HEADER = YES;
				GCC_PREFIX_HEADER = "";
				HEADER_SEARCH_PATHS = (
					"$(inherited)",
					/Applications/Xcode.app/Contents/Developer/Toolchains/XcodeDefault.xctoolchain/usr/include,
					/Library/Frameworks/SDL2_image.framework/Versions/A/Headers,
					/Library/Frameworks/SDL2.framework/Versions/A/Headers,
				);
				INFOPLIST_FILE = "Final_Project/Final_Project-info.plist";
				PRODUCT_NAME = Final_Project;
				WRAPPER_EXTENSION = app;
			};
			name = Debug;
		};
		6D5A86DD19AE5C710066C1FD /* Release */ = {
			isa = XCBuildConfiguration;
			buildSettings = {
				ASSETCATALOG_COMPILER_APPICON_NAME = AppIcon;
				COMBINE_HIDPI_IMAGES = YES;
				FRAMEWORK_SEARCH_PATHS = (
					"$(inherited)",
					"$(LOCAL_LIBRARY_DIR)/Frameworks",
				);
				GCC_PRECOMPILE_PREFIX_HEADER = YES;
				GCC_PREFIX_HEADER = "";
				HEADER_SEARCH_PATHS = (
					"$(inherited)",
					/Applications/Xcode.app/Contents/Developer/Toolchains/XcodeDefault.xctoolchain/usr/include,
					/Library/Frameworks/SDL2_image.framework/Versions/A/Headers,
					/Library/Frameworks/SDL2.framework/Versions/A/Headers,
				);
				INFOPLIST_FILE = "Final_Project/Final_Project-info.plist";
				PRODUCT_NAME = Final_Project;
				WRAPPER_EXTENSION = app;
			};
			name = Release;
		};
/* End XCBuildConfiguration section */

/* Begin XCConfigurationList section */
		6D5A86A519AE5C710066C1FD /* Build configuration list for PBXProject "Final_Project" */ = {
			isa = XCConfigurationList;
			buildConfigurations = (
				6D5A86D919AE5C710066C1FD /* Debug */,
				6D5A86DA19AE5C710066C1FD /* Release */,
			);
			defaultConfigurationIsVisible = 0;
			defaultConfigurationName = Release;
		};
		6D5A86DB19AE5C710066C1FD /* Build configuration list for PBXNativeTarget "Final_Project" */ = {
			isa = XCConfigurationList;
			buildConfigurations = (
				6D5A86DC19AE5C710066C1FD /* Debug */,
				6D5A86DD19AE5C710066C1FD /* Release */,
			);
			defaultConfigurationIsVisible = 0;
			defaultConfigurationName = Release;
		};
/* End XCConfigurationList section */
	};
	rootObject = 6D5A86A219AE5C710066C1FD /* Project object */;
}
